
Microsoft Visual Studio Solution File, Format Version 12.00
# Visual Studio Version 17
VisualStudioVersion = 17.5.33414.496
MinimumVisualStudioVersion = 10.0.40219.1
Project("{FAE04EC0-301F-11D3-BF4B-00C04F79EFBC}") = "MyFirstApp", "MyFirstApp\MyFirstApp.csproj", "{56C07E26-10AC-44D9-B705-8ABBE188416D}"
EndProject
Global
	GlobalSection(SolutionConfigurationPlatforms) = preSolution
		Debug|Any CPU = Debug|Any CPU
		Release|Any CPU = Release|Any CPU
	EndGlobalSection
	GlobalSection(ProjectConfigurationPlatforms) = postSolution
		{56C07E26-10AC-44D9-B705-8ABBE188416D}.Debug|Any CPU.ActiveCfg = Debug|Any CPU
		{56C07E26-10AC-44D9-B705-8ABBE188416D}.Debug|Any CPU.Build.0 = Debug|Any CPU
		{56C07E26-10AC-44D9-B705-8ABBE188416D}.Release|Any CPU.ActiveCfg = Release|Any CPU
		{56C07E26-10AC-44D9-B705-8ABBE188416D}.Release|Any CPU.Build.0 = Release|Any CPU
	EndGlobalSection
	GlobalSection(SolutionProperties) = preSolution
		HideSolutionNode = FALSE
	EndGlobalSection
	GlobalSection(ExtensibilityGlobals) = postSolution
		SolutionGuid = {6D08DF66-FC8E-4F46-A617-33D520F08487}
	EndGlobalSection
EndGlobal
